
Microsoft Visual Studio Solution File, Format Version 12.00
# Visual Studio 15
VisualStudioVersion = 15.0.27130.0
MinimumVisualStudioVersion = 10.0.40219.1
Project("{FAE04EC0-301F-11D3-BF4B-00C04F79EFBC}") = "FirstExam", "FirstExam\FirstExam.csproj", "{055A36E0-7934-4FBD-B0AF-2A823AAD46C7}"
EndProject
Global
	GlobalSection(SolutionConfigurationPlatforms) = preSolution
		Debug|Any CPU = Debug|Any CPU
		Release|Any CPU = Release|Any CPU
	EndGlobalSection
	GlobalSection(ProjectConfigurationPlatforms) = postSolution
		{055A36E0-7934-4FBD-B0AF-2A823AAD46C7}.Debug|Any CPU.ActiveCfg = Debug|Any CPU
		{055A36E0-7934-4FBD-B0AF-2A823AAD46C7}.Debug|Any CPU.Build.0 = Debug|Any CPU
		{055A36E0-7934-4FBD-B0AF-2A823AAD46C7}.Release|Any CPU.ActiveCfg = Release|Any CPU
		{055A36E0-7934-4FBD-B0AF-2A823AAD46C7}.Release|Any CPU.Build.0 = Release|Any CPU
	EndGlobalSection
	GlobalSection(SolutionProperties) = preSolution
		HideSolutionNode = FALSE
	EndGlobalSection
	GlobalSection(ExtensibilityGlobals) = postSolution
		SolutionGuid = {3A1ED4FE-D1B2-4070-BF0E-558D9CD1E021}
	EndGlobalSection
EndGlobal
